
Microsoft Visual Studio Solution File, Format Version 12.00
# Visual Studio Version 16
VisualStudioVersion = 16.0.29911.84
MinimumVisualStudioVersion = 10.0.40219.1
Project("{FAE04EC0-301F-11D3-BF4B-00C04F79EFBC}") = "SoftwareTestExamProject", "SoftwareTestExamProject\SoftwareTestExamProject.csproj", "{936D725E-7F56-44F2-9730-378397270E9F}"
EndProject
Global
	GlobalSection(SolutionConfigurationPlatforms) = preSolution
		Debug|Any CPU = Debug|Any CPU
		Release|Any CPU = Release|Any CPU
	EndGlobalSection
	GlobalSection(ProjectConfigurationPlatforms) = postSolution
		{936D725E-7F56-44F2-9730-378397270E9F}.Debug|Any CPU.ActiveCfg = Debug|Any CPU
		{936D725E-7F56-44F2-9730-378397270E9F}.Debug|Any CPU.Build.0 = Debug|Any CPU
		{936D725E-7F56-44F2-9730-378397270E9F}.Release|Any CPU.ActiveCfg = Release|Any CPU
		{936D725E-7F56-44F2-9730-378397270E9F}.Release|Any CPU.Build.0 = Release|Any CPU
	EndGlobalSection
	GlobalSection(SolutionProperties) = preSolution
		HideSolutionNode = FALSE
	EndGlobalSection
	GlobalSection(ExtensibilityGlobals) = postSolution
		SolutionGuid = {2D1989B7-C499-44F5-88FF-EECD84B091FF}
	EndGlobalSection
EndGlobal
